
Microsoft Visual Studio Solution File, Format Version 12.00
# Visual Studio Version 16
VisualStudioVersion = 16.0.30523.141
MinimumVisualStudioVersion = 10.0.40219.1
Project("{FAE04EC0-301F-11D3-BF4B-00C04F79EFBC}") = "Assignment_1_20230733", "Assignment_1_20230733\Assignment_1_20230733.csproj", "{298211B9-3B7B-4DB0-8364-0CF6FE4FC831}"
EndProject
Global
	GlobalSection(SolutionConfigurationPlatforms) = preSolution
		Debug|Any CPU = Debug|Any CPU
		Release|Any CPU = Release|Any CPU
	EndGlobalSection
	GlobalSection(ProjectConfigurationPlatforms) = postSolution
		{298211B9-3B7B-4DB0-8364-0CF6FE4FC831}.Debug|Any CPU.ActiveCfg = Debug|Any CPU
		{298211B9-3B7B-4DB0-8364-0CF6FE4FC831}.Debug|Any CPU.Build.0 = Debug|Any CPU
		{298211B9-3B7B-4DB0-8364-0CF6FE4FC831}.Release|Any CPU.ActiveCfg = Release|Any CPU
		{298211B9-3B7B-4DB0-8364-0CF6FE4FC831}.Release|Any CPU.Build.0 = Release|Any CPU
	EndGlobalSection
	GlobalSection(SolutionProperties) = preSolution
		HideSolutionNode = FALSE
	EndGlobalSection
	GlobalSection(ExtensibilityGlobals) = postSolution
		SolutionGuid = {291DF84F-3919-4CDF-889E-427C974D739D}
	EndGlobalSection
EndGlobal
