
Microsoft Visual Studio Solution File, Format Version 12.00
# Visual Studio Version 16
VisualStudioVersion = 16.0.30804.86
MinimumVisualStudioVersion = 10.0.40219.1
Project("{FAE04EC0-301F-11D3-BF4B-00C04F79EFBC}") = "EPOS_APPLICATION_20230733", "EPOS_APPLICATION_20230733\EPOS_APPLICATION_20230733.csproj", "{B4651C75-DDFB-48C3-AC05-32DC73E1F2C4}"
EndProject
Global
	GlobalSection(SolutionConfigurationPlatforms) = preSolution
		Debug|Any CPU = Debug|Any CPU
		Release|Any CPU = Release|Any CPU
	EndGlobalSection
	GlobalSection(ProjectConfigurationPlatforms) = postSolution
		{B4651C75-DDFB-48C3-AC05-32DC73E1F2C4}.Debug|Any CPU.ActiveCfg = Debug|Any CPU
		{B4651C75-DDFB-48C3-AC05-32DC73E1F2C4}.Debug|Any CPU.Build.0 = Debug|Any CPU
		{B4651C75-DDFB-48C3-AC05-32DC73E1F2C4}.Release|Any CPU.ActiveCfg = Release|Any CPU
		{B4651C75-DDFB-48C3-AC05-32DC73E1F2C4}.Release|Any CPU.Build.0 = Release|Any CPU
	EndGlobalSection
	GlobalSection(SolutionProperties) = preSolution
		HideSolutionNode = FALSE
	EndGlobalSection
	GlobalSection(ExtensibilityGlobals) = postSolution
		SolutionGuid = {D799AB80-8260-4FC7-BB65-C3F25C6D5944}
	EndGlobalSection
EndGlobal
